
Microsoft Visual Studio Solution File, Format Version 12.00
# Visual Studio Version 16
VisualStudioVersion = 16.0.33328.57
MinimumVisualStudioVersion = 10.0.40219.1
Project("{8BC9CEB8-8B4A-11D0-8D11-00A0C91BC942}") = "P.104 피연산자의 형 변환", "P.104 피연산자의 형 변환\P.104 피연산자의 형 변환.vcxproj", "{33BBB4FE-6DB5-469B-B9F6-35F3236F2A78}"
EndProject
Global
	GlobalSection(SolutionConfigurationPlatforms) = preSolution
		Debug|x64 = Debug|x64
		Debug|x86 = Debug|x86
		Release|x64 = Release|x64
		Release|x86 = Release|x86
	EndGlobalSection
	GlobalSection(ProjectConfigurationPlatforms) = postSolution
		{33BBB4FE-6DB5-469B-B9F6-35F3236F2A78}.Debug|x64.ActiveCfg = Debug|x64
		{33BBB4FE-6DB5-469B-B9F6-35F3236F2A78}.Debug|x64.Build.0 = Debug|x64
		{33BBB4FE-6DB5-469B-B9F6-35F3236F2A78}.Debug|x86.ActiveCfg = Debug|Win32
		{33BBB4FE-6DB5-469B-B9F6-35F3236F2A78}.Debug|x86.Build.0 = Debug|Win32
		{33BBB4FE-6DB5-469B-B9F6-35F3236F2A78}.Release|x64.ActiveCfg = Release|x64
		{33BBB4FE-6DB5-469B-B9F6-35F3236F2A78}.Release|x64.Build.0 = Release|x64
		{33BBB4FE-6DB5-469B-B9F6-35F3236F2A78}.Release|x86.ActiveCfg = Release|Win32
		{33BBB4FE-6DB5-469B-B9F6-35F3236F2A78}.Release|x86.Build.0 = Release|Win32
	EndGlobalSection
	GlobalSection(SolutionProperties) = preSolution
		HideSolutionNode = FALSE
	EndGlobalSection
	GlobalSection(ExtensibilityGlobals) = postSolution
		SolutionGuid = {CE6CA584-273B-45CA-8877-4CDDD55009C8}
	EndGlobalSection
EndGlobal
